// !$*UTF8*$!
{
	archiveVersion = 1;
	classes = {
	};
	objectVersion = 50;
	objects = {

/* Begin PBXBuildFile section */
		33E1E46823762C99007F5361 /* Extension_Date.swift in Sources */ = {isa = PBXBuildFile; fileRef = 33E1E46723762C99007F5361 /* Extension_Date.swift */; };
		33E1E46A23762CB1007F5361 /* Extension_String.swift in Sources */ = {isa = PBXBuildFile; fileRef = 33E1E46923762CB1007F5361 /* Extension_String.swift */; };
		33E1E46C23762CBF007F5361 /* Extension_Int.swift in Sources */ = {isa = PBXBuildFile; fileRef = 33E1E46B23762CBF007F5361 /* Extension_Int.swift */; };
		33E1E46E23762CCE007F5361 /* Extension_Float.swift in Sources */ = {isa = PBXBuildFile; fileRef = 33E1E46D23762CCE007F5361 /* Extension_Float.swift */; };
		33E1E47023762E02007F5361 /* Users.plist in Resources */ = {isa = PBXBuildFile; fileRef = 33E1E46F23762E02007F5361 /* Users.plist */; };
		33E1E47223762E21007F5361 /* AddBillViewController.swift in Sources */ = {isa = PBXBuildFile; fileRef = 33E1E47123762E21007F5361 /* AddBillViewController.swift */; };
		9B1D03F92375EB9000F381A9 /* Bill.swift in Sources */ = {isa = PBXBuildFile; fileRef = 9B1D03F82375EB9000F381A9 /* Bill.swift */; };
		9B1D03FB2375EB9C00F381A9 /* Mobile.swift in Sources */ = {isa = PBXBuildFile; fileRef = 9B1D03FA2375EB9C00F381A9 /* Mobile.swift */; };
		9B1D03FD2375EBA800F381A9 /* Hydro.swift in Sources */ = {isa = PBXBuildFile; fileRef = 9B1D03FC2375EBA800F381A9 /* Hydro.swift */; };
		9B1D03FF2375EBB800F381A9 /* Internet.swift in Sources */ = {isa = PBXBuildFile; fileRef = 9B1D03FE2375EBB800F381A9 /* Internet.swift */; };
		9B6D4AE7237500DA002C5CD2 /* customer.png in Resources */ = {isa = PBXBuildFile; fileRef = 9B6D4AE6237500DA002C5CD2 /* customer.png */; };
		9B928898236BB75D00396040 /* Customer.swift in Sources */ = {isa = PBXBuildFile; fileRef = 9B928897236BB75D00396040 /* Customer.swift */; };
		9BB507542375E39000E7B626 /* CustomerDetailsViewController.swift in Sources */ = {isa = PBXBuildFile; fileRef = 9BB507532375E39000E7B626 /* CustomerDetailsViewController.swift */; };
		9BBBF4202373829A00CD7A8C /* Singleton.swift in Sources */ = {isa = PBXBuildFile; fileRef = 9BBBF41F2373829A00CD7A8C /* Singleton.swift */; };
		9BE24963236B4750007D168F /* CustomerListViewController.swift in Sources */ = {isa = PBXBuildFile; fileRef = 9BE24962236B4750007D168F /* CustomerListViewController.swift */; };
		9BE3A022236B8D7B00C8507D /* AddCustomerViewController.swift in Sources */ = {isa = PBXBuildFile; fileRef = 9BE3A021236B8D7B00C8507D /* AddCustomerViewController.swift */; };
		9BE3A024236B8E8C00C8507D /* LoginViewController.swift in Sources */ = {isa = PBXBuildFile; fileRef = 9BE3A023236B8E8C00C8507D /* LoginViewController.swift */; };
		9BFC24BB236B3F0A00DEE192 /* AppDelegate.swift in Sources */ = {isa = PBXBuildFile; fileRef = 9BFC24BA236B3F0A00DEE192 /* AppDelegate.swift */; };
		9BFC24C0236B3F0A00DEE192 /* Main.storyboard in Resources */ = {isa = PBXBuildFile; fileRef = 9BFC24BE236B3F0A00DEE192 /* Main.storyboard */; };
		9BFC24C2236B3F0B00DEE192 /* Assets.xcassets in Resources */ = {isa = PBXBuildFile; fileRef = 9BFC24C1236B3F0B00DEE192 /* Assets.xcassets */; };
		9BFC24C5236B3F0B00DEE192 /* LaunchScreen.storyboard in Resources */ = {isa = PBXBuildFile; fileRef = 9BFC24C3236B3F0B00DEE192 /* LaunchScreen.storyboard */; };
		9BFC24CD236B403600DEE192 /* lambton.png in Resources */ = {isa = PBXBuildFile; fileRef = 9BFC24CC236B403600DEE192 /* lambton.png */; };
/* End PBXBuildFile section */

/* Begin PBXFileReference section */
		33E1E46723762C99007F5361 /* Extension_Date.swift */ = {isa = PBXFileReference; lastKnownFileType = sourcecode.swift; path = Extension_Date.swift; sourceTree = "<group>"; };
		33E1E46923762CB1007F5361 /* Extension_String.swift */ = {isa = PBXFileReference; lastKnownFileType = sourcecode.swift; path = Extension_String.swift; sourceTree = "<group>"; };
		33E1E46B23762CBF007F5361 /* Extension_Int.swift */ = {isa = PBXFileReference; lastKnownFileType = sourcecode.swift; path = Extension_Int.swift; sourceTree = "<group>"; };
		33E1E46D23762CCE007F5361 /* Extension_Float.swift */ = {isa = PBXFileReference; lastKnownFileType = sourcecode.swift; path = Extension_Float.swift; sourceTree = "<group>"; };
		33E1E46F23762E02007F5361 /* Users.plist */ = {isa = PBXFileReference; fileEncoding = 4; lastKnownFileType = text.plist.xml; path = Users.plist; sourceTree = "<group>"; };
		33E1E47123762E21007F5361 /* AddBillViewController.swift */ = {isa = PBXFileReference; lastKnownFileType = sourcecode.swift; path = AddBillViewController.swift; sourceTree = "<group>"; };
		9B1D03F82375EB9000F381A9 /* Bill.swift */ = {isa = PBXFileReference; lastKnownFileType = sourcecode.swift; path = Bill.swift; sourceTree = "<group>"; };
		9B1D03FA2375EB9C00F381A9 /* Mobile.swift */ = {isa = PBXFileReference; lastKnownFileType = sourcecode.swift; path = Mobile.swift; sourceTree = "<group>"; };
		9B1D03FC2375EBA800F381A9 /* Hydro.swift */ = {isa = PBXFileReference; lastKnownFileType = sourcecode.swift; path = Hydro.swift; sourceTree = "<group>"; };
		9B1D03FE2375EBB800F381A9 /* Internet.swift */ = {isa = PBXFileReference; lastKnownFileType = sourcecode.swift; path = Internet.swift; sourceTree = "<group>"; };
		9B6D4AE6237500DA002C5CD2 /* customer.png */ = {isa = PBXFileReference; lastKnownFileType = image.png; path = customer.png; sourceTree = "<group>"; };
		9B928897236BB75D00396040 /* Customer.swift */ = {isa = PBXFileReference; fileEncoding = 4; lastKnownFileType = sourcecode.swift; path = Customer.swift; sourceTree = "<group>"; };
		9BB507532375E39000E7B626 /* CustomerDetailsViewController.swift */ = {isa = PBXFileReference; lastKnownFileType = sourcecode.swift; path = CustomerDetailsViewController.swift; sourceTree = "<group>"; };
		9BBBF41F2373829A00CD7A8C /* Singleton.swift */ = {isa = PBXFileReference; lastKnownFileType = sourcecode.swift; path = Singleton.swift; sourceTree = "<group>"; };
		9BE24962236B4750007D168F /* CustomerListViewController.swift */ = {isa = PBXFileReference; lastKnownFileType = sourcecode.swift; path = CustomerListViewController.swift; sourceTree = "<group>"; };
		9BE3A021236B8D7B00C8507D /* AddCustomerViewController.swift */ = {isa = PBXFileReference; fileEncoding = 4; lastKnownFileType = sourcecode.swift; path = AddCustomerViewController.swift; sourceTree = "<group>"; };
		9BE3A023236B8E8C00C8507D /* LoginViewController.swift */ = {isa = PBXFileReference; fileEncoding = 4; lastKnownFileType = sourcecode.swift; path = LoginViewController.swift; sourceTree = "<group>"; };
		9BFC24B7236B3F0A00DEE192 /* C0766343_MidTerm_MAD3115F2019.app */ = {isa = PBXFileReference; explicitFileType = wrapper.application; includeInIndex = 0; path = C0766343_MidTerm_MAD3115F2019.app; sourceTree = BUILT_PRODUCTS_DIR; };
		9BFC24BA236B3F0A00DEE192 /* AppDelegate.swift */ = {isa = PBXFileReference; lastKnownFileType = sourcecode.swift; path = AppDelegate.swift; sourceTree = "<group>"; };
		9BFC24BF236B3F0A00DEE192 /* Base */ = {isa = PBXFileReference; lastKnownFileType = file.storyboard; name = Base; path = Base.lproj/Main.storyboard; sourceTree = "<group>"; };
		9BFC24C1236B3F0B00DEE192 /* Assets.xcassets */ = {isa = PBXFileReference; lastKnownFileType = folder.assetcatalog; path = Assets.xcassets; sourceTree = "<group>"; };
		9BFC24C4236B3F0B00DEE192 /* Base */ = {isa = PBXFileReference; lastKnownFileType = file.storyboard; name = Base; path = Base.lproj/LaunchScreen.storyboard; sourceTree = "<group>"; };
		9BFC24C6236B3F0B00DEE192 /* Info.plist */ = {isa = PBXFileReference; lastKnownFileType = text.plist.xml; path = Info.plist; sourceTree = "<group>"; };
		9BFC24CC236B403600DEE192 /* lambton.png */ = {isa = PBXFileReference; lastKnownFileType = image.png; path = lambton.png; sourceTree = "<group>"; };
/* End PBXFileReference section */

/* Begin PBXFrameworksBuildPhase section */
		9BFC24B4236B3F0A00DEE192 /* Frameworks */ = {
			isa = PBXFrameworksBuildPhase;
			buildActionMask = 2147483647;
			files = (
			);
			runOnlyForDeploymentPostprocessing = 0;
		};
/* End PBXFrameworksBuildPhase section */

/* Begin PBXGroup section */
		33E1E46623762C7C007F5361 /* Extensions */ = {
			isa = PBXGroup;
			children = (
				33E1E46723762C99007F5361 /* Extension_Date.swift */,
				33E1E46923762CB1007F5361 /* Extension_String.swift */,
				33E1E46B23762CBF007F5361 /* Extension_Int.swift */,
				33E1E46D23762CCE007F5361 /* Extension_Float.swift */,
			);
			path = Extensions;
			sourceTree = "<group>";
		};
		9B1D03F72375EB7400F381A9 /* Bills */ = {
			isa = PBXGroup;
			children = (
				9B1D03F82375EB9000F381A9 /* Bill.swift */,
				9B1D03FA2375EB9C00F381A9 /* Mobile.swift */,
				9B1D03FC2375EBA800F381A9 /* Hydro.swift */,
				9B1D03FE2375EBB800F381A9 /* Internet.swift */,
			);
			path = Bills;
			sourceTree = "<group>";
		};
		9B6D4AE323750090002C5CD2 /* photos */ = {
			isa = PBXGroup;
			children = (
				9B6D4AE6237500DA002C5CD2 /* customer.png */,
				9BFC24CC236B403600DEE192 /* lambton.png */,
			);
			path = photos;
			sourceTree = "<group>";
		};
		9BFC24AE236B3F0A00DEE192 = {
			isa = PBXGroup;
			children = (
				9BFC24B9236B3F0A00DEE192 /* C0766343_MidTerm_MAD3115F2019 */,
				9BFC24B8236B3F0A00DEE192 /* Products */,
			);
			sourceTree = "<group>";
		};
		9BFC24B8236B3F0A00DEE192 /* Products */ = {
			isa = PBXGroup;
			children = (
				9BFC24B7236B3F0A00DEE192 /* C0766343_MidTerm_MAD3115F2019.app */,
			);
			name = Products;
			sourceTree = "<group>";
		};
		9BFC24B9236B3F0A00DEE192 /* C0766343_MidTerm_MAD3115F2019 */ = {
			isa = PBXGroup;
			children = (
				9B1D03F72375EB7400F381A9 /* Bills */,
				9BFC24BA236B3F0A00DEE192 /* AppDelegate.swift */,
				9B928897236BB75D00396040 /* Customer.swift */,
				9BE3A023236B8E8C00C8507D /* LoginViewController.swift */,
				33E1E46623762C7C007F5361 /* Extensions */,
				9BFC24BE236B3F0A00DEE192 /* Main.storyboard */,
				9BFC24C1236B3F0B00DEE192 /* Assets.xcassets */,
				9B6D4AE323750090002C5CD2 /* photos */,
				9BFC24C3236B3F0B00DEE192 /* LaunchScreen.storyboard */,
				9BFC24C6236B3F0B00DEE192 /* Info.plist */,
				33E1E46F23762E02007F5361 /* Users.plist */,
				9BE24962236B4750007D168F /* CustomerListViewController.swift */,
				9BE3A021236B8D7B00C8507D /* AddCustomerViewController.swift */,
				9BBBF41F2373829A00CD7A8C /* Singleton.swift */,
				9BB507532375E39000E7B626 /* CustomerDetailsViewController.swift */,
				33E1E47123762E21007F5361 /* AddBillViewController.swift */,
			);
			path = C0766343_MidTerm_MAD3115F2019;
			sourceTree = "<group>";
		};
/* End PBXGroup section */

/* Begin PBXNativeTarget section */
		9BFC24B6236B3F0A00DEE192 /* C0766343_MidTerm_MAD3115F2019 */ = {
			isa = PBXNativeTarget;
			buildConfigurationList = 9BFC24C9236B3F0B00DEE192 /* Build configuration list for PBXNativeTarget "C0766343_MidTerm_MAD3115F2019" */;
			buildPhases = (
				9BFC24B3236B3F0A00DEE192 /* Sources */,
				9BFC24B4236B3F0A00DEE192 /* Frameworks */,
				9BFC24B5236B3F0A00DEE192 /* Resources */,
			);
			buildRules = (
			);
			dependencies = (
			);
			name = C0766343_MidTerm_MAD3115F2019;
			productName = C0766343_MidTerm_MAD3115F2019;
			productReference = 9BFC24B7236B3F0A00DEE192 /* C0766343_MidTerm_MAD3115F2019.app */;
			productType = "com.apple.product-type.application";
		};
/* End PBXNativeTarget section */

/* Begin PBXProject section */
		9BFC24AF236B3F0A00DEE192 /* Project object */ = {
			isa = PBXProject;
			attributes = {
				LastSwiftUpdateCheck = 1030;
				LastUpgradeCheck = 1030;
				ORGANIZATIONNAME = MacStudent;
				TargetAttributes = {
					9BFC24B6236B3F0A00DEE192 = {
						CreatedOnToolsVersion = 10.3;
					};
				};
			};
			buildConfigurationList = 9BFC24B2236B3F0A00DEE192 /* Build configuration list for PBXProject "C0766343_MidTerm_MAD3115F2019" */;
			compatibilityVersion = "Xcode 9.3";
			developmentRegion = en;
			hasScannedForEncodings = 0;
			knownRegions = (
				en,
				Base,
			);
			mainGroup = 9BFC24AE236B3F0A00DEE192;
			productRefGroup = 9BFC24B8236B3F0A00DEE192 /* Products */;
			projectDirPath = "";
			projectRoot = "";
			targets = (
				9BFC24B6236B3F0A00DEE192 /* C0766343_MidTerm_MAD3115F2019 */,
			);
		};
/* End PBXProject section */

/* Begin PBXResourcesBuildPhase section */
		9BFC24B5236B3F0A00DEE192 /* Resources */ = {
			isa = PBXResourcesBuildPhase;
			buildActionMask = 2147483647;
			files = (
				9BFC24C5236B3F0B00DEE192 /* LaunchScreen.storyboard in Resources */,
				33E1E47023762E02007F5361 /* Users.plist in Resources */,
				9B6D4AE7237500DA002C5CD2 /* customer.png in Resources */,
				9BFC24C2236B3F0B00DEE192 /* Assets.xcassets in Resources */,
				9BFC24C0236B3F0A00DEE192 /* Main.storyboard in Resources */,
				9BFC24CD236B403600DEE192 /* lambton.png in Resources */,
			);
			runOnlyForDeploymentPostprocessing = 0;
		};
/* End PBXResourcesBuildPhase section */

/* Begin PBXSourcesBuildPhase section */
		9BFC24B3236B3F0A00DEE192 /* Sources */ = {
			isa = PBXSourcesBuildPhase;
			buildActionMask = 2147483647;
			files = (
				9BE3A024236B8E8C00C8507D /* LoginViewController.swift in Sources */,
				33E1E47223762E21007F5361 /* AddBillViewController.swift in Sources */,
				33E1E46C23762CBF007F5361 /* Extension_Int.swift in Sources */,
				9BBBF4202373829A00CD7A8C /* Singleton.swift in Sources */,
				33E1E46A23762CB1007F5361 /* Extension_String.swift in Sources */,
				9B928898236BB75D00396040 /* Customer.swift in Sources */,
				9BB507542375E39000E7B626 /* CustomerDetailsViewController.swift in Sources */,
				9B1D03FD2375EBA800F381A9 /* Hydro.swift in Sources */,
				9BE3A022236B8D7B00C8507D /* AddCustomerViewController.swift in Sources */,
				9BE24963236B4750007D168F /* CustomerListViewController.swift in Sources */,
				9B1D03FB2375EB9C00F381A9 /* Mobile.swift in Sources */,
				9B1D03F92375EB9000F381A9 /* Bill.swift in Sources */,
				33E1E46823762C99007F5361 /* Extension_Date.swift in Sources */,
				33E1E46E23762CCE007F5361 /* Extension_Float.swift in Sources */,
				9B1D03FF2375EBB800F381A9 /* Internet.swift in Sources */,
				9BFC24BB236B3F0A00DEE192 /* AppDelegate.swift in Sources */,
			);
			runOnlyForDeploymentPostprocessing = 0;
		};
/* End PBXSourcesBuildPhase section */

/* Begin PBXVariantGroup section */
		9BFC24BE236B3F0A00DEE192 /* Main.storyboard */ = {
			isa = PBXVariantGroup;
			children = (
				9BFC24BF236B3F0A00DEE192 /* Base */,
			);
			name = Main.storyboard;
			sourceTree = "<group>";
		};
		9BFC24C3236B3F0B00DEE192 /* LaunchScreen.storyboard */ = {
			isa = PBXVariantGroup;
			children = (
				9BFC24C4236B3F0B00DEE192 /* Base */,
			);
			name = LaunchScreen.storyboard;
			sourceTree = "<group>";
		};
/* End PBXVariantGroup section */

/* Begin XCBuildConfiguration section */
		9BFC24C7236B3F0B00DEE192 /* Debug */ = {
			isa = XCBuildConfiguration;
			buildSettings = {
				ALWAYS_SEARCH_USER_PATHS = NO;
				CLANG_ANALYZER_NONNULL = YES;
				CLANG_ANALYZER_NUMBER_OBJECT_CONVERSION = YES_AGGRESSIVE;
				CLANG_CXX_LANGUAGE_STANDARD = "gnu++14";
				CLANG_CXX_LIBRARY = "libc++";
				CLANG_ENABLE_MODULES = YES;
				CLANG_ENABLE_OBJC_ARC = YES;
				CLANG_ENABLE_OBJC_WEAK = YES;
				CLANG_WARN_BLOCK_CAPTURE_AUTORELEASING = YES;
				CLANG_WARN_BOOL_CONVERSION = YES;
				CLANG_WARN_COMMA = YES;
				CLANG_WARN_CONSTANT_CONVERSION = YES;
				CLANG_WARN_DEPRECATED_OBJC_IMPLEMENTATIONS = YES;
				CLANG_WARN_DIRECT_OBJC_ISA_USAGE = YES_ERROR;
				CLANG_WARN_DOCUMENTATION_COMMENTS = YES;
				CLANG_WARN_EMPTY_BODY = YES;
				CLANG_WARN_ENUM_CONVERSION = YES;
				CLANG_WARN_INFINITE_RECURSION = YES;
				CLANG_WARN_INT_CONVERSION = YES;
				CLANG_WARN_NON_LITERAL_NULL_CONVERSION = YES;
				CLANG_WARN_OBJC_IMPLICIT_RETAIN_SELF = YES;
				CLANG_WARN_OBJC_LITERAL_CONVERSION = YES;
				CLANG_WARN_OBJC_ROOT_CLASS = YES_ERROR;
				CLANG_WARN_RANGE_LOOP_ANALYSIS = YES;
				CLANG_WARN_STRICT_PROTOTYPES = YES;
				CLANG_WARN_SUSPICIOUS_MOVE = YES;
				CLANG_WARN_UNGUARDED_AVAILABILITY = YES_AGGRESSIVE;
				CLANG_WARN_UNREACHABLE_CODE = YES;
				CLANG_WARN__DUPLICATE_METHOD_MATCH = YES;
				CODE_SIGN_IDENTITY = "iPhone Developer";
				COPY_PHASE_STRIP = NO;
				DEBUG_INFORMATION_FORMAT = dwarf;
				ENABLE_STRICT_OBJC_MSGSEND = YES;
				ENABLE_TESTABILITY = YES;
				GCC_C_LANGUAGE_STANDARD = gnu11;
				GCC_DYNAMIC_NO_PIC = NO;
				GCC_NO_COMMON_BLOCKS = YES;
				GCC_OPTIMIZATION_LEVEL = 0;
				GCC_PREPROCESSOR_DEFINITIONS = (
					"DEBUG=1",
					"$(inherited)",
				);
				GCC_WARN_64_TO_32_BIT_CONVERSION = YES;
				GCC_WARN_ABOUT_RETURN_TYPE = YES_ERROR;
				GCC_WARN_UNDECLARED_SELECTOR = YES;
				GCC_WARN_UNINITIALIZED_AUTOS = YES_AGGRESSIVE;
				GCC_WARN_UNUSED_FUNCTION = YES;
				GCC_WARN_UNUSED_VARIABLE = YES;
				IPHONEOS_DEPLOYMENT_TARGET = 12.4;
				MTL_ENABLE_DEBUG_INFO = INCLUDE_SOURCE;
				MTL_FAST_MATH = YES;
				ONLY_ACTIVE_ARCH = YES;
				SDKROOT = iphoneos;
				SWIFT_ACTIVE_COMPILATION_CONDITIONS = DEBUG;
				SWIFT_OPTIMIZATION_LEVEL = "-Onone";
			};
			name = Debug;
		};
		9BFC24C8236B3F0B00DEE192 /* Release */ = {
			isa = XCBuildConfiguration;
			buildSettings = {
				ALWAYS_SEARCH_USER_PATHS = NO;
				CLANG_ANALYZER_NONNULL = YES;
				CLANG_ANALYZER_NUMBER_OBJECT_CONVERSION = YES_AGGRESSIVE;
				CLANG_CXX_LANGUAGE_STANDARD = "gnu++14";
				CLANG_CXX_LIBRARY = "libc++";
				CLANG_ENABLE_MODULES = YES;
				CLANG_ENABLE_OBJC_ARC = YES;
				CLANG_ENABLE_OBJC_WEAK = YES;
				CLANG_WARN_BLOCK_CAPTURE_AUTORELEASING = YES;
				CLANG_WARN_BOOL_CONVERSION = YES;
				CLANG_WARN_COMMA = YES;
				CLANG_WARN_CONSTANT_CONVERSION = YES;
				CLANG_WARN_DEPRECATED_OBJC_IMPLEMENTATIONS = YES;
				CLANG_WARN_DIRECT_OBJC_ISA_USAGE = YES_ERROR;
				CLANG_WARN_DOCUMENTATION_COMMENTS = YES;
				CLANG_WARN_EMPTY_BODY = YES;
				CLANG_WARN_ENUM_CONVERSION = YES;
				CLANG_WARN_INFINITE_RECURSION = YES;
				CLANG_WARN_INT_CONVERSION = YES;
				CLANG_WARN_NON_LITERAL_NULL_CONVERSION = YES;
				CLANG_WARN_OBJC_IMPLICIT_RETAIN_SELF = YES;
				CLANG_WARN_OBJC_LITERAL_CONVERSION = YES;
				CLANG_WARN_OBJC_ROOT_CLASS = YES_ERROR;
				CLANG_WARN_RANGE_LOOP_ANALYSIS = YES;
				CLANG_WARN_STRICT_PROTOTYPES = YES;
				CLANG_WARN_SUSPICIOUS_MOVE = YES;
				CLANG_WARN_UNGUARDED_AVAILABILITY = YES_AGGRESSIVE;
				CLANG_WARN_UNREACHABLE_CODE = YES;
				CLANG_WARN__DUPLICATE_METHOD_MATCH = YES;
				CODE_SIGN_IDENTITY = "iPhone Developer";
				COPY_PHASE_STRIP = NO;
				DEBUG_INFORMATION_FORMAT = "dwarf-with-dsym";
				ENABLE_NS_ASSERTIONS = NO;
				ENABLE_STRICT_OBJC_MSGSEND = YES;
				GCC_C_LANGUAGE_STANDARD = gnu11;
				GCC_NO_COMMON_BLOCKS = YES;
				GCC_WARN_64_TO_32_BIT_CONVERSION = YES;
				GCC_WARN_ABOUT_RETURN_TYPE = YES_ERROR;
				GCC_WARN_UNDECLARED_SELECTOR = YES;
				GCC_WARN_UNINITIALIZED_AUTOS = YES_AGGRESSIVE;
				GCC_WARN_UNUSED_FUNCTION = YES;
				GCC_WARN_UNUSED_VARIABLE = YES;
				IPHONEOS_DEPLOYMENT_TARGET = 12.4;
				MTL_ENABLE_DEBUG_INFO = NO;
				MTL_FAST_MATH = YES;
				SDKROOT = iphoneos;
				SWIFT_COMPILATION_MODE = wholemodule;
				SWIFT_OPTIMIZATION_LEVEL = "-O";
				VALIDATE_PRODUCT = YES;
			};
			name = Release;
		};
		9BFC24CA236B3F0B00DEE192 /* Debug */ = {
			isa = XCBuildConfiguration;
			buildSettings = {
				ASSETCATALOG_COMPILER_APPICON_NAME = AppIcon;
				CODE_SIGN_STYLE = Automatic;
				INFOPLIST_FILE = C0766343_MidTerm_MAD3115F2019/Info.plist;
				LD_RUNPATH_SEARCH_PATHS = (
					"$(inherited)",
					"@executable_path/Frameworks",
				);
				PRODUCT_BUNDLE_IDENTIFIER = "CestarCollege.C0766343-MidTerm-MAD3115F2019";
				PRODUCT_NAME = "$(TARGET_NAME)";
				SWIFT_VERSION = 5.0;
				TARGETED_DEVICE_FAMILY = "1,2";
			};
			name = Debug;
		};
		9BFC24CB236B3F0B00DEE192 /* Release */ = {
			isa = XCBuildConfiguration;
			buildSettings = {
				ASSETCATALOG_COMPILER_APPICON_NAME = AppIcon;
				CODE_SIGN_STYLE = Automatic;
				INFOPLIST_FILE = C0766343_MidTerm_MAD3115F2019/Info.plist;
				LD_RUNPATH_SEARCH_PATHS = (
					"$(inherited)",
					"@executable_path/Frameworks",
				);
				PRODUCT_BUNDLE_IDENTIFIER = "CestarCollege.C0766343-MidTerm-MAD3115F2019";
				PRODUCT_NAME = "$(TARGET_NAME)";
				SWIFT_VERSION = 5.0;
				TARGETED_DEVICE_FAMILY = "1,2";
			};
			name = Release;
		};
/* End XCBuildConfiguration section */

/* Begin XCConfigurationList section */
		9BFC24B2236B3F0A00DEE192 /* Build configuration list for PBXProject "C0766343_MidTerm_MAD3115F2019" */ = {
			isa = XCConfigurationList;
			buildConfigurations = (
				9BFC24C7236B3F0B00DEE192 /* Debug */,
				9BFC24C8236B3F0B00DEE192 /* Release */,
			);
			defaultConfigurationIsVisible = 0;
			defaultConfigurationName = Release;
		};
		9BFC24C9236B3F0B00DEE192 /* Build configuration list for PBXNativeTarget "C0766343_MidTerm_MAD3115F2019" */ = {
			isa = XCConfigurationList;
			buildConfigurations = (
				9BFC24CA236B3F0B00DEE192 /* Debug */,
				9BFC24CB236B3F0B00DEE192 /* Release */,
			);
			defaultConfigurationIsVisible = 0;
			defaultConfigurationName = Release;
		};
/* End XCConfigurationList section */
	};
	rootObject = 9BFC24AF236B3F0A00DEE192 /* Project object */;
}
